
Microsoft Visual Studio Solution File, Format Version 12.00
# Visual Studio Version 17
VisualStudioVersion = 17.10.34902.84
MinimumVisualStudioVersion = 10.0.40219.1
Project("{FAE04EC0-301F-11D3-BF4B-00C04F79EFBC}") = "TuringMachine", "TuringMachine\TuringMachine.csproj", "{F4F38C98-3030-4D36-A379-E1BE9D69C8FE}"
EndProject
Global
	GlobalSection(SolutionConfigurationPlatforms) = preSolution
		Debug|Any CPU = Debug|Any CPU
		Release|Any CPU = Release|Any CPU
	EndGlobalSection
	GlobalSection(ProjectConfigurationPlatforms) = postSolution
		{F4F38C98-3030-4D36-A379-E1BE9D69C8FE}.Debug|Any CPU.ActiveCfg = Debug|Any CPU
		{F4F38C98-3030-4D36-A379-E1BE9D69C8FE}.Debug|Any CPU.Build.0 = Debug|Any CPU
		{F4F38C98-3030-4D36-A379-E1BE9D69C8FE}.Release|Any CPU.ActiveCfg = Release|Any CPU
		{F4F38C98-3030-4D36-A379-E1BE9D69C8FE}.Release|Any CPU.Build.0 = Release|Any CPU
	EndGlobalSection
	GlobalSection(SolutionProperties) = preSolution
		HideSolutionNode = FALSE
	EndGlobalSection
	GlobalSection(ExtensibilityGlobals) = postSolution
		SolutionGuid = {ED5EF7CF-0A22-40AB-9EDB-A6768639E0C9}
	EndGlobalSection
EndGlobal
